Microsoft Visual Studio Solution File, Format Version 12.00
# Visual Studio Version 17
VisualStudioVersion = 17.5.2.0
MinimumVisualStudioVersion = 10.0.40219.1
Project("{FAE04EC0-301F-11D3-BF4B-00C04F79EFBC}") = "SaleCast.Printer", "SaleCast.Printer.csproj", "{826115E5-65FD-BFEF-13ED-DEA0987F4632}"
EndProject
Global
	GlobalSection(SolutionConfigurationPlatforms) = preSolution
		Debug|Any CPU = Debug|Any CPU
		Release|Any CPU = Release|Any CPU
	EndGlobalSection
	GlobalSection(ProjectConfigurationPlatforms) = postSolution
		{826115E5-65FD-BFEF-13ED-DEA0987F4632}.Debug|Any CPU.ActiveCfg = Debug|Any CPU
		{826115E5-65FD-BFEF-13ED-DEA0987F4632}.Debug|Any CPU.Build.0 = Debug|Any CPU
		{826115E5-65FD-BFEF-13ED-DEA0987F4632}.Release|Any CPU.ActiveCfg = Release|Any CPU
		{826115E5-65FD-BFEF-13ED-DEA0987F4632}.Release|Any CPU.Build.0 = Release|Any CPU
	EndGlobalSection
	GlobalSection(SolutionProperties) = preSolution
		HideSolutionNode = FALSE
	EndGlobalSection
	GlobalSection(ExtensibilityGlobals) = postSolution
		SolutionGuid = {9A5C97BB-410C-4A95-ACF4-87F8361E666D}
	EndGlobalSection
EndGlobal
